// !$*UTF8*$!
{
	archiveVersion = 1;
	classes = {
	};
	objectVersion = 46;
	objects = {

/* Begin PBXBuildFile section */
		3A5654BC1936838C0085CC87 /* TextDetector.mm in Sources */ = {isa = PBXBuildFile; fileRef = 3A5654BB1936838C0085CC87 /* TextDetector.mm */; };
		3A5654BF193778AD0085CC87 /* WordCorrector.m in Sources */ = {isa = PBXBuildFile; fileRef = 3A5654BE193778AD0085CC87 /* WordCorrector.m */; };
		3AA1BD8D192FA282002729BC /* UIImage+OpenCV.mm in Sources */ = {isa = PBXBuildFile; fileRef = 3AA1BD8C192FA282002729BC /* UIImage+OpenCV.mm */; };
		3AA1BD90192FA982002729BC /* ImagePreProcessor.mm in Sources */ = {isa = PBXBuildFile; fileRef = 3AA1BD8F192FA982002729BC /* ImagePreProcessor.mm */; };
		AC1E7760194F580800532F65 /* ShareData.m in Sources */ = {isa = PBXBuildFile; fileRef = AC1E775F194F580800532F65 /* ShareData.m */; };
		AC1E7764194F583100532F65 /* filterwords.txt in Resources */ = {isa = PBXBuildFile; fileRef = AC1E7761194F583100532F65 /* filterwords.txt */; };
		AC1E7765194F583100532F65 /* foodlist_a-z_sql_CN.txt in Resources */ = {isa = PBXBuildFile; fileRef = AC1E7762194F583100532F65 /* foodlist_a-z_sql_CN.txt */; };
		AC1E7766194F583100532F65 /* foodlist_a-z_sql_KW.txt in Resources */ = {isa = PBXBuildFile; fileRef = AC1E7763194F583100532F65 /* foodlist_a-z_sql_KW.txt */; };
		AC8A357719461E2100FC5465 /* DBOperation.m in Sources */ = {isa = PBXBuildFile; fileRef = AC8A357019461E2100FC5465 /* DBOperation.m */; };
		AC8A357819461E2100FC5465 /* Dictionary.m in Sources */ = {isa = PBXBuildFile; fileRef = AC8A357219461E2100FC5465 /* Dictionary.m */; };
		AC8A357A19461E2100FC5465 /* SQLConnector.m in Sources */ = {isa = PBXBuildFile; fileRef = AC8A357619461E2100FC5465 /* SQLConnector.m */; };
		AC8A357C1946202400FC5465 /* libsqlite3.0.dylib in Frameworks */ = {isa = PBXBuildFile; fileRef = AC8A357B1946202300FC5465 /* libsqlite3.0.dylib */; };
		ACA1724C19368BFB005E7D51 /* opencv2.framework in Frameworks */ = {isa = PBXBuildFile; fileRef = ACA1724B19368BFB005E7D51 /* opencv2.framework */; };
		ACA172651937C8F5005E7D51 /* w2-1:3.jpg in Resources */ = {isa = PBXBuildFile; fileRef = ACA172641937C8F5005E7D51 /* w2-1:3.jpg */; };
		ACA1726B1939209A005E7D51 /* LoadControls.m in Sources */ = {isa = PBXBuildFile; fileRef = ACA1726A1939209A005E7D51 /* LoadControls.m */; };
		B82353AE192BE2D800D6BCAC /* Attribution_PixelLove.png in Resources */ = {isa = PBXBuildFile; fileRef = B82353A4192BE2D800D6BCAC /* Attribution_PixelLove.png */; };
		B82353B6192BE2D800D6BCAC /* shutter@2x.png in Resources */ = {isa = PBXBuildFile; fileRef = B82353AC192BE2D800D6BCAC /* shutter@2x.png */; };
		B82353BD192BE2F400D6BCAC /* CameraRotate.png in Resources */ = {isa = PBXBuildFile; fileRef = B82353B9192BE2F400D6BCAC /* CameraRotate.png */; };
		B82353BE192BE2F400D6BCAC /* Download.png in Resources */ = {isa = PBXBuildFile; fileRef = B82353BA192BE2F400D6BCAC /* Download.png */; };
		B82353BF192BE2F400D6BCAC /* Lightening.png in Resources */ = {isa = PBXBuildFile; fileRef = B82353BB192BE2F400D6BCAC /* Lightening.png */; };
		B82353C0192BE2F400D6BCAC /* Previous.png in Resources */ = {isa = PBXBuildFile; fileRef = B82353BC192BE2F400D6BCAC /* Previous.png */; };
		B82353EC192CFB2800D6BCAC /* TesseractOCR.framework in Frameworks */ = {isa = PBXBuildFile; fileRef = B82353EB192CFB2800D6BCAC /* TesseractOCR.framework */; };
		B82353EE192CFB5B00D6BCAC /* libstdc++.6.0.9.dylib in Frameworks */ = {isa = PBXBuildFile; fileRef = B82353ED192CFB5B00D6BCAC /* libstdc++.6.0.9.dylib */; };
		B82353F0192CFC4C00D6BCAC /* tessdata in Resources */ = {isa = PBXBuildFile; fileRef = B82353EF192CFC4C00D6BCAC /* tessdata */; };
		B8235404192D474D00D6BCAC /* ShadeView.m in Sources */ = {isa = PBXBuildFile; fileRef = B82353FF192D474D00D6BCAC /* ShadeView.m */; };
		B8235405192D474D00D6BCAC /* ControlPointView.m in Sources */ = {isa = PBXBuildFile; fileRef = B8235401192D474D00D6BCAC /* ControlPointView.m */; };
		B8235406192D474D00D6BCAC /* ImageCropView.m in Sources */ = {isa = PBXBuildFile; fileRef = B8235403192D474D00D6BCAC /* ImageCropView.m */; };
		B825DD81194264F1004C7DCE /* TransitionController.m in Sources */ = {isa = PBXBuildFile; fileRef = B825DD7E194264F1004C7DCE /* TransitionController.m */; };
		B825DD82194264F1004C7DCE /* TransitionLayout.m in Sources */ = {isa = PBXBuildFile; fileRef = B825DD80194264F1004C7DCE /* TransitionLayout.m */; };
		B825DD8D194264FF004C7DCE /* MainViewController.m in Sources */ = {isa = PBXBuildFile; fileRef = B825DD8A194264FF004C7DCE /* MainViewController.m */; };
		B825DD8E194264FF004C7DCE /* DetailViewController.m in Sources */ = {isa = PBXBuildFile; fileRef = B825DD8C194264FF004C7DCE /* DetailViewController.m */; };
		B825DD931943AFF0004C7DCE /* CVSmallLayout.m in Sources */ = {isa = PBXBuildFile; fileRef = B825DD901943AFF0004C7DCE /* CVSmallLayout.m */; };
		B825DD941943AFF0004C7DCE /* CVLargeLayout.m in Sources */ = {isa = PBXBuildFile; fileRef = B825DD921943AFF0004C7DCE /* CVLargeLayout.m */; };
		B886B1BC1937CEB300DF68D3 /* CameraManager.m in Sources */ = {isa = PBXBuildFile; fileRef = B886B1BB1937CEB300DF68D3 /* CameraManager.m */; };
		B8C21B2B194F43EB0012B616 /* AWSRuntime.framework in Frameworks */ = {isa = PBXBuildFile; fileRef = B8C21B29194F43EB0012B616 /* AWSRuntime.framework */; };
		B8C21B2C194F43EB0012B616 /* AWSS3.framework in Frameworks */ = {isa = PBXBuildFile; fileRef = B8C21B2A194F43EB0012B616 /* AWSS3.framework */; };
		B8C21B2F194F43FC0012B616 /* Edible_S3.m in Sources */ = {isa = PBXBuildFile; fileRef = B8C21B2E194F43FC0012B616 /* Edible_S3.m */; };
		B8D09A771948BCCF006C070D /* Review.m in Sources */ = {isa = PBXBuildFile; fileRef = B8D09A721948BCCF006C070D /* Review.m */; };
		B8D09A781948BCCF006C070D /* GeneralUser.m in Sources */ = {isa = PBXBuildFile; fileRef = B8D09A741948BCCF006C070D /* GeneralUser.m */; };
		B8D09A791948BCCF006C070D /* LocalUser.m in Sources */ = {isa = PBXBuildFile; fileRef = B8D09A761948BCCF006C070D /* LocalUser.m */; };
		B8D09A7C1948BCD7006C070D /* AsyncRequest.m in Sources */ = {isa = PBXBuildFile; fileRef = B8D09A7B1948BCD7006C070D /* AsyncRequest.m */; };
		B8D09A7F1948BCE1006C070D /* NetworkTestViewController.m in Sources */ = {isa = PBXBuildFile; fileRef = B8D09A7E1948BCE1006C070D /* NetworkTestViewController.m */; };
		B8D6953C193E71C200E504FA /* ED_Color.m in Sources */ = {isa = PBXBuildFile; fileRef = B8D6953B193E71C200E504FA /* ED_Color.m */; };
		B8D69540193F963200E504FA /* CameraView.m in Sources */ = {isa = PBXBuildFile; fileRef = B8D6953F193F963200E504FA /* CameraView.m */; };
		B8F29C5519311A5C008979A7 /* FrameViewController.m in Sources */ = {isa = PBXBuildFile; fileRef = B8F29C4A19311A5C008979A7 /* FrameViewController.m */; };
		B8F29C5619311A5C008979A7 /* EP_firstViewController.m in Sources */ = {isa = PBXBuildFile; fileRef = B8F29C4C19311A5C008979A7 /* EP_firstViewController.m */; };
		B8F29C5719311A5C008979A7 /* EP_secondViewController.m in Sources */ = {isa = PBXBuildFile; fileRef = B8F29C4E19311A5C008979A7 /* EP_secondViewController.m */; };
		B8F29C5819311A5C008979A7 /* EP_thirdViewController.mm in Sources */ = {isa = PBXBuildFile; fileRef = B8F29C5019311A5C008979A7 /* EP_thirdViewController.mm */; };
		B8F29C5919311A5C008979A7 /* EP_forthViewController.m in Sources */ = {isa = PBXBuildFile; fileRef = B8F29C5219311A5C008979A7 /* EP_forthViewController.m */; };
		B8F29C5A19311A5C008979A7 /* EParentViewController.m in Sources */ = {isa = PBXBuildFile; fileRef = B8F29C5419311A5C008979A7 /* EParentViewController.m */; };
		B8F29C6319314357008979A7 /* DebugViewController.mm in Sources */ = {isa = PBXBuildFile; fileRef = B8F29C6219314357008979A7 /* DebugViewController.mm */; };
		B8F29C681932DC55008979A7 /* Camera_01.png in Resources */ = {isa = PBXBuildFile; fileRef = B8F29C641932DC55008979A7 /* Camera_01.png */; };
		B8F29C691932DC55008979A7 /* Camera_01@2x.png in Resources */ = {isa = PBXBuildFile; fileRef = B8F29C651932DC55008979A7 /* Camera_01@2x.png */; };
		B8F29C6A1932DC55008979A7 /* Search_01.png in Resources */ = {isa = PBXBuildFile; fileRef = B8F29C661932DC55008979A7 /* Search_01.png */; };
		B8F29C6B1932DC55008979A7 /* Search_01@2x.png in Resources */ = {isa = PBXBuildFile; fileRef = B8F29C671932DC55008979A7 /* Search_01@2x.png */; };
		B8F29C701932DCF5008979A7 /* Dine_01.png in Resources */ = {isa = PBXBuildFile; fileRef = B8F29C6C1932DCF5008979A7 /* Dine_01.png */; };
		B8F29C711932DCF5008979A7 /* Dine_01@2x.png in Resources */ = {isa = PBXBuildFile; fileRef = B8F29C6D1932DCF5008979A7 /* Dine_01@2x.png */; };
		B8F29C721932DCF5008979A7 /* Me_01.png in Resources */ = {isa = PBXBuildFile; fileRef = B8F29C6E1932DCF5008979A7 /* Me_01.png */; };
		B8F29C731932DCF5008979A7 /* Me_01@2x.png in Resources */ = {isa = PBXBuildFile; fileRef = B8F29C6F1932DCF5008979A7 /* Me_01@2x.png */; };
		B8F29C761932DD20008979A7 /* Discover_01.png in Resources */ = {isa = PBXBuildFile; fileRef = B8F29C741932DD20008979A7 /* Discover_01.png */; };
		B8F29C771932DD20008979A7 /* Discover_01@2x.png in Resources */ = {isa = PBXBuildFile; fileRef = B8F29C751932DD20008979A7 /* Discover_01@2x.png */; };
		B8FA463D18F9E954007DA680 /* Foundation.framework in Frameworks */ = {isa = PBXBuildFile; fileRef = B8FA463C18F9E954007DA680 /* Foundation.framework */; };
		B8FA463F18F9E954007DA680 /* CoreGraphics.framework in Frameworks */ = {isa = PBXBuildFile; fileRef = B8FA463E18F9E954007DA680 /* CoreGraphics.framework */; };
		B8FA464118F9E954007DA680 /* UIKit.framework in Frameworks */ = {isa = PBXBuildFile; fileRef = B8FA464018F9E954007DA680 /* UIKit.framework */; };
		B8FA464718F9E954007DA680 /* InfoPlist.strings in Resources */ = {isa = PBXBuildFile; fileRef = B8FA464518F9E954007DA680 /* InfoPlist.strings */; };
		B8FA464918F9E954007DA680 /* main.m in Sources */ = {isa = PBXBuildFile; fileRef = B8FA464818F9E954007DA680 /* main.m */; };
		B8FA464D18F9E954007DA680 /* AppDelegate.m in Sources */ = {isa = PBXBuildFile; fileRef = B8FA464C18F9E954007DA680 /* AppDelegate.m */; };
		B8FA465018F9E954007DA680 /* Main.storyboard in Resources */ = {isa = PBXBuildFile; fileRef = B8FA464E18F9E954007DA680 /* Main.storyboard */; };
		B8FA465518F9E954007DA680 /* Images.xcassets in Resources */ = {isa = PBXBuildFile; fileRef = B8FA465418F9E954007DA680 /* Images.xcassets */; };
		B8FA465C18F9E954007DA680 /* XCTest.framework in Frameworks */ = {isa = PBXBuildFile; fileRef = B8FA465B18F9E954007DA680 /* XCTest.framework */; };
		B8FA465D18F9E954007DA680 /* Foundation.framework in Frameworks */ = {isa = PBXBuildFile; fileRef = B8FA463C18F9E954007DA680 /* Foundation.framework */; };
		B8FA465E18F9E954007DA680 /* UIKit.framework in Frameworks */ = {isa = PBXBuildFile; fileRef = B8FA464018F9E954007DA680 /* UIKit.framework */; };
		B8FA466618F9E954007DA680 /* InfoPlist.strings in Resources */ = {isa = PBXBuildFile; fileRef = B8FA466418F9E954007DA680 /* InfoPlist.strings */; };
		B8FA466818F9E954007DA680 /* HaoJsonDemoTests.m in Sources */ = {isa = PBXBuildFile; fileRef = B8FA466718F9E954007DA680 /* HaoJsonDemoTests.m */; };
/* End PBXBuildFile section */

/* Begin PBXContainerItemProxy section */
		B8FA465F18F9E954007DA680 /* PBXContainerItemProxy */ = {
			isa = PBXContainerItemProxy;
			containerPortal = B8FA463118F9E954007DA680 /* Project object */;
			proxyType = 1;
			remoteGlobalIDString = B8FA463818F9E954007DA680;
			remoteInfo = HaoJsonDemo;
		};
/* End PBXContainerItemProxy section */

/* Begin PBXFileReference section */
		3A5654BA1936838C0085CC87 /* TextDetector.h */ = {isa = PBXFileReference; fileEncoding = 4; lastKnownFileType = sourcecode.c.h; path = TextDetector.h; sourceTree = "<group>"; };
		3A5654BB1936838C0085CC87 /* TextDetector.mm */ = {isa = PBXFileReference; fileEncoding = 4; lastKnownFileType = sourcecode.cpp.objcpp; path = TextDetector.mm; sourceTree = "<group>"; };
		3A5654BD193778AD0085CC87 /* WordCorrector.h */ = {isa = PBXFileReference; fileEncoding = 4; lastKnownFileType = sourcecode.c.h; path = WordCorrector.h; sourceTree = "<group>"; };
		3A5654BE193778AD0085CC87 /* WordCorrector.m */ = {isa = PBXFileReference; fileEncoding = 4; lastKnownFileType = sourcecode.c.objc; path = WordCorrector.m; sourceTree = "<group>"; };
		3AA1BD8B192FA282002729BC /* UIImage+OpenCV.h */ = {isa = PBXFileReference; fileEncoding = 4; lastKnownFileType = sourcecode.c.h; path = "UIImage+OpenCV.h"; sourceTree = "<group>"; };
		3AA1BD8C192FA282002729BC /* UIImage+OpenCV.mm */ = {isa = PBXFileReference; fileEncoding = 4; lastKnownFileType = sourcecode.cpp.objcpp; path = "UIImage+OpenCV.mm"; sourceTree = "<group>"; };
		3AA1BD8E192FA982002729BC /* ImagePreProcessor.h */ = {isa = PBXFileReference; fileEncoding = 4; lastKnownFileType = sourcecode.c.h; path = ImagePreProcessor.h; sourceTree = "<group>"; };
		3AA1BD8F192FA982002729BC /* ImagePreProcessor.mm */ = {isa = PBXFileReference; fileEncoding = 4; lastKnownFileType = sourcecode.cpp.objcpp; path = ImagePreProcessor.mm; sourceTree = "<group>"; };
		AC1E775F194F580800532F65 /* ShareData.m */ = {isa = PBXFileReference; fileEncoding = 4; lastKnownFileType = sourcecode.c.objc; path = ShareData.m; sourceTree = "<group>"; };
		AC1E7761194F583100532F65 /* filterwords.txt */ = {isa = PBXFileReference; fileEncoding = 4; lastKnownFileType = text; path = filterwords.txt; sourceTree = "<group>"; };
		AC1E7762194F583100532F65 /* foodlist_a-z_sql_CN.txt */ = {isa = PBXFileReference; fileEncoding = 4; lastKnownFileType = text; path = "foodlist_a-z_sql_CN.txt"; sourceTree = "<group>"; };
		AC1E7763194F583100532F65 /* foodlist_a-z_sql_KW.txt */ = {isa = PBXFileReference; fileEncoding = 4; lastKnownFileType = text; path = "foodlist_a-z_sql_KW.txt"; sourceTree = "<group>"; };
		AC8A356F19461E2100FC5465 /* DBOperation.h */ = {isa = PBXFileReference; fileEncoding = 4; lastKnownFileType = sourcecode.c.h; path = DBOperation.h; sourceTree = "<group>"; };
		AC8A357019461E2100FC5465 /* DBOperation.m */ = {isa = PBXFileReference; fileEncoding = 4; lastKnownFileType = sourcecode.c.objc; path = DBOperation.m; sourceTree = "<group>"; };
		AC8A357119461E2100FC5465 /* Dictionary.h */ = {isa = PBXFileReference; fileEncoding = 4; lastKnownFileType = sourcecode.c.h; path = Dictionary.h; sourceTree = "<group>"; };
		AC8A357219461E2100FC5465 /* Dictionary.m */ = {isa = PBXFileReference; fileEncoding = 4; lastKnownFileType = sourcecode.c.objc; path = Dictionary.m; sourceTree = "<group>"; };
		AC8A357319461E2100FC5465 /* ShareData.h */ = {isa = PBXFileReference; fileEncoding = 4; lastKnownFileType = sourcecode.c.h; path = ShareData.h; sourceTree = "<group>"; };
		AC8A357519461E2100FC5465 /* SQLConnector.h */ = {isa = PBXFileReference; fileEncoding = 4; lastKnownFileType = sourcecode.c.h; path = SQLConnector.h; sourceTree = "<group>"; };
		AC8A357619461E2100FC5465 /* SQLConnector.m */ = {isa = PBXFileReference; fileEncoding = 4; lastKnownFileType = sourcecode.c.objc; path = SQLConnector.m; sourceTree = "<group>"; };
		AC8A357B1946202300FC5465 /* libsqlite3.0.dylib */ = {isa = PBXFileReference; lastKnownFileType = "compiled.mach-o.dylib"; name = libsqlite3.0.dylib; path = usr/lib/libsqlite3.0.dylib; sourceTree = SDKROOT; };
		ACA1724B19368BFB005E7D51 /* opencv2.framework */ = {isa = PBXFileReference; lastKnownFileType = wrapper.framework; path = opencv2.framework; sourceTree = "<group>"; };
		ACA172641937C8F5005E7D51 /* w2-1:3.jpg */ = {isa = PBXFileReference; lastKnownFileType = image.jpeg; path = "w2-1:3.jpg"; sourceTree = "<group>"; };
		ACA172691939209A005E7D51 /* LoadControls.h */ = {isa = PBXFileReference; fileEncoding = 4; lastKnownFileType = sourcecode.c.h; path = LoadControls.h; sourceTree = "<group>"; };
		ACA1726A1939209A005E7D51 /* LoadControls.m */ = {isa = PBXFileReference; fileEncoding = 4; lastKnownFileType = sourcecode.c.objc; path = LoadControls.m; sourceTree = "<group>"; };
		B82353A4192BE2D800D6BCAC /* Attribution_PixelLove.png */ = {isa = PBXFileReference; lastKnownFileType = image.png; path = Attribution_PixelLove.png; sourceTree = "<group>"; };
		B82353AC192BE2D800D6BCAC /* shutter@2x.png */ = {isa = PBXFileReference; lastKnownFileType = image.png; path = "shutter@2x.png"; sourceTree = "<group>"; };
		B82353B9192BE2F400D6BCAC /* CameraRotate.png */ = {isa = PBXFileReference; lastKnownFileType = image.png; path = CameraRotate.png; sourceTree = "<group>"; };
		B82353BA192BE2F400D6BCAC /* Download.png */ = {isa = PBXFileReference; lastKnownFileType = image.png; path = Download.png; sourceTree = "<group>"; };
		B82353BB192BE2F400D6BCAC /* Lightening.png */ = {isa = PBXFileReference; lastKnownFileType = image.png; path = Lightening.png; sourceTree = "<group>"; };
		B82353BC192BE2F400D6BCAC /* Previous.png */ = {isa = PBXFileReference; lastKnownFileType = image.png; path = Previous.png; sourceTree = "<group>"; };
		B82353EB192CFB2800D6BCAC /* TesseractOCR.framework */ = {isa = PBXFileReference; lastKnownFileType = wrapper.framework; path = TesseractOCR.framework; sourceTree = "<group>"; };
		B82353ED192CFB5B00D6BCAC /* libstdc++.6.0.9.dylib */ = {isa = PBXFileReference; lastKnownFileType = "compiled.mach-o.dylib"; name = "libstdc++.6.0.9.dylib"; path = "usr/lib/libstdc++.6.0.9.dylib"; sourceTree = SDKROOT; };
		B82353EF192CFC4C00D6BCAC /* tessdata */ = {isa = PBXFileReference; lastKnownFileType = folder; path = tessdata; sourceTree = "<group>"; };
		B82353FE192D474D00D6BCAC /* ShadeView.h */ = {isa = PBXFileReference; fileEncoding = 4; lastKnownFileType = sourcecode.c.h; path = ShadeView.h; sourceTree = "<group>"; };
		B82353FF192D474D00D6BCAC /* ShadeView.m */ = {isa = PBXFileReference; fileEncoding = 4; lastKnownFileType = sourcecode.c.objc; path = ShadeView.m; sourceTree = "<group>"; };
		B8235400192D474D00D6BCAC /* ControlPointView.h */ = {isa = PBXFileReference; fileEncoding = 4; lastKnownFileType = sourcecode.c.h; path = ControlPointView.h; sourceTree = "<group>"; };
		B8235401192D474D00D6BCAC /* ControlPointView.m */ = {isa = PBXFileReference; fileEncoding = 4; lastKnownFileType = sourcecode.c.objc; path = ControlPointView.m; sourceTree = "<group>"; };
		B8235402192D474D00D6BCAC /* ImageCropView.h */ = {isa = PBXFileReference; fileEncoding = 4; lastKnownFileType = sourcecode.c.h; path = ImageCropView.h; sourceTree = "<group>"; };
		B8235403192D474D00D6BCAC /* ImageCropView.m */ = {isa = PBXFileReference; fileEncoding = 4; lastKnownFileType = sourcecode.c.objc; path = ImageCropView.m; sourceTree = "<group>"; };
		B825DD7D194264F1004C7DCE /* TransitionController.h */ = {isa = PBXFileReference; fileEncoding = 4; lastKnownFileType = sourcecode.c.h; path = TransitionController.h; sourceTree = "<group>"; };
		B825DD7E194264F1004C7DCE /* TransitionController.m */ = {isa = PBXFileReference; fileEncoding = 4; lastKnownFileType = sourcecode.c.objc; path = TransitionController.m; sourceTree = "<group>"; };
		B825DD7F194264F1004C7DCE /* TransitionLayout.h */ = {isa = PBXFileReference; fileEncoding = 4; lastKnownFileType = sourcecode.c.h; path = TransitionLayout.h; sourceTree = "<group>"; };
		B825DD80194264F1004C7DCE /* TransitionLayout.m */ = {isa = PBXFileReference; fileEncoding = 4; lastKnownFileType = sourcecode.c.objc; path = TransitionLayout.m; sourceTree = "<group>"; };
		B825DD89194264FF004C7DCE /* MainViewController.h */ = {isa = PBXFileReference; fileEncoding = 4; lastKnownFileType = sourcecode.c.h; path = MainViewController.h; sourceTree = "<group>"; };
		B825DD8A194264FF004C7DCE /* MainViewController.m */ = {isa = PBXFileReference; fileEncoding = 4; lastKnownFileType = sourcecode.c.objc; path = MainViewController.m; sourceTree = "<group>"; };
		B825DD8B194264FF004C7DCE /* DetailViewController.h */ = {isa = PBXFileReference; fileEncoding = 4; lastKnownFileType = sourcecode.c.h; path = DetailViewController.h; sourceTree = "<group>"; };
		B825DD8C194264FF004C7DCE /* DetailViewController.m */ = {isa = PBXFileReference; fileEncoding = 4; lastKnownFileType = sourcecode.c.objc; path = DetailViewController.m; sourceTree = "<group>"; };
		B825DD8F1943AFF0004C7DCE /* CVSmallLayout.h */ = {isa = PBXFileReference; fileEncoding = 4; lastKnownFileType = sourcecode.c.h; path = CVSmallLayout.h; sourceTree = "<group>"; };
		B825DD901943AFF0004C7DCE /* CVSmallLayout.m */ = {isa = PBXFileReference; fileEncoding = 4; lastKnownFileType = sourcecode.c.objc; path = CVSmallLayout.m; sourceTree = "<group>"; };
		B825DD911943AFF0004C7DCE /* CVLargeLayout.h */ = {isa = PBXFileReference; fileEncoding = 4; lastKnownFileType = sourcecode.c.h; path = CVLargeLayout.h; sourceTree = "<group>"; };
		B825DD921943AFF0004C7DCE /* CVLargeLayout.m */ = {isa = PBXFileReference; fileEncoding = 4; lastKnownFileType = sourcecode.c.objc; path = CVLargeLayout.m; sourceTree = "<group>"; };
		B886B1BA1937CEB300DF68D3 /* CameraManager.h */ = {isa = PBXFileReference; fileEncoding = 4; lastKnownFileType = sourcecode.c.h; path = CameraManager.h; sourceTree = "<group>"; };
		B886B1BB1937CEB300DF68D3 /* CameraManager.m */ = {isa = PBXFileReference; fileEncoding = 4; lastKnownFileType = sourcecode.c.objc; path = CameraManager.m; sourceTree = "<group>"; };
		B8C21B29194F43EB0012B616 /* AWSRuntime.framework */ = {isa = PBXFileReference; lastKnownFileType = wrapper.framework; path = AWSRuntime.framework; sourceTree = "<group>"; };
		B8C21B2A194F43EB0012B616 /* AWSS3.framework */ = {isa = PBXFileReference; lastKnownFileType = wrapper.framework; path = AWSS3.framework; sourceTree = "<group>"; };
		B8C21B2D194F43FC0012B616 /* Edible_S3.h */ = {isa = PBXFileReference; fileEncoding = 4; lastKnownFileType = sourcecode.c.h; path = Edible_S3.h; sourceTree = "<group>"; };
		B8C21B2E194F43FC0012B616 /* Edible_S3.m */ = {isa = PBXFileReference; fileEncoding = 4; lastKnownFileType = sourcecode.c.objc; path = Edible_S3.m; sourceTree = "<group>"; };
		B8D09A711948BCCF006C070D /* Review.h */ = {isa = PBXFileReference; fileEncoding = 4; lastKnownFileType = sourcecode.c.h; path = Review.h; sourceTree = "<group>"; };
		B8D09A721948BCCF006C070D /* Review.m */ = {isa = PBXFileReference; fileEncoding = 4; lastKnownFileType = sourcecode.c.objc; path = Review.m; sourceTree = "<group>"; };
		B8D09A731948BCCF006C070D /* GeneralUser.h */ = {isa = PBXFileReference; fileEncoding = 4; lastKnownFileType = sourcecode.c.h; path = GeneralUser.h; sourceTree = "<group>"; };
		B8D09A741948BCCF006C070D /* GeneralUser.m */ = {isa = PBXFileReference; fileEncoding = 4; lastKnownFileType = sourcecode.c.objc; path = GeneralUser.m; sourceTree = "<group>"; };
		B8D09A751948BCCF006C070D /* LocalUser.h */ = {isa = PBXFileReference; fileEncoding = 4; lastKnownFileType = sourcecode.c.h; path = LocalUser.h; sourceTree = "<group>"; };
		B8D09A761948BCCF006C070D /* LocalUser.m */ = {isa = PBXFileReference; fileEncoding = 4; lastKnownFileType = sourcecode.c.objc; path = LocalUser.m; sourceTree = "<group>"; };
		B8D09A7A1948BCD7006C070D /* AsyncRequest.h */ = {isa = PBXFileReference; fileEncoding = 4; lastKnownFileType = sourcecode.c.h; path = AsyncRequest.h; sourceTree = "<group>"; };
		B8D09A7B1948BCD7006C070D /* AsyncRequest.m */ = {isa = PBXFileReference; fileEncoding = 4; lastKnownFileType = sourcecode.c.objc; path = AsyncRequest.m; sourceTree = "<group>"; };
		B8D09A7D1948BCE1006C070D /* NetworkTestViewController.h */ = {isa = PBXFileReference; fileEncoding = 4; lastKnownFileType = sourcecode.c.h; path = NetworkTestViewController.h; sourceTree = "<group>"; };
		B8D09A7E1948BCE1006C070D /* NetworkTestViewController.m */ = {isa = PBXFileReference; fileEncoding = 4; lastKnownFileType = sourcecode.c.objc; path = NetworkTestViewController.m; sourceTree = "<group>"; };
		B8D6953A193E71C200E504FA /* ED_Color.h */ = {isa = PBXFileReference; fileEncoding = 4; lastKnownFileType = sourcecode.c.h; path = ED_Color.h; sourceTree = "<group>"; };
		B8D6953B193E71C200E504FA /* ED_Color.m */ = {isa = PBXFileReference; fileEncoding = 4; lastKnownFileType = sourcecode.c.objc; path = ED_Color.m; sourceTree = "<group>"; };
		B8D6953E193F963200E504FA /* CameraView.h */ = {isa = PBXFileReference; fileEncoding = 4; lastKnownFileType = sourcecode.c.h; path = CameraView.h; sourceTree = "<group>"; };
		B8D6953F193F963200E504FA /* CameraView.m */ = {isa = PBXFileReference; fileEncoding = 4; lastKnownFileType = sourcecode.c.objc; path = CameraView.m; sourceTree = "<group>"; };
		B8F29C4919311A5C008979A7 /* FrameViewController.h */ = {isa = PBXFileReference; fileEncoding = 4; lastKnownFileType = sourcecode.c.h; path = FrameViewController.h; sourceTree = "<group>"; };
		B8F29C4A19311A5C008979A7 /* FrameViewController.m */ = {isa = PBXFileReference; fileEncoding = 4; lastKnownFileType = sourcecode.c.objc; path = FrameViewController.m; sourceTree = "<group>"; };
		B8F29C4B19311A5C008979A7 /* EP_firstViewController.h */ = {isa = PBXFileReference; fileEncoding = 4; lastKnownFileType = sourcecode.c.h; path = EP_firstViewController.h; sourceTree = "<group>"; };
		B8F29C4C19311A5C008979A7 /* EP_firstViewController.m */ = {isa = PBXFileReference; fileEncoding = 4; lastKnownFileType = sourcecode.c.objc; path = EP_firstViewController.m; sourceTree = "<group>"; };
		B8F29C4D19311A5C008979A7 /* EP_secondViewController.h */ = {isa = PBXFileReference; fileEncoding = 4; lastKnownFileType = sourcecode.c.h; path = EP_secondViewController.h; sourceTree = "<group>"; };
		B8F29C4E19311A5C008979A7 /* EP_secondViewController.m */ = {isa = PBXFileReference; fileEncoding = 4; lastKnownFileType = sourcecode.c.objc; path = EP_secondViewController.m; sourceTree = "<group>"; };
		B8F29C4F19311A5C008979A7 /* EP_thirdViewController.h */ = {isa = PBXFileReference; fileEncoding = 4; lastKnownFileType = sourcecode.c.h; path = EP_thirdViewController.h; sourceTree = "<group>"; };
		B8F29C5019311A5C008979A7 /* EP_thirdViewController.mm */ = {isa = PBXFileReference; fileEncoding = 4; lastKnownFileType = sourcecode.cpp.objcpp; path = EP_thirdViewController.mm; sourceTree = "<group>"; };
		B8F29C5119311A5C008979A7 /* EP_forthViewController.h */ = {isa = PBXFileReference; fileEncoding = 4; lastKnownFileType = sourcecode.c.h; path = EP_forthViewController.h; sourceTree = "<group>"; };
		B8F29C5219311A5C008979A7 /* EP_forthViewController.m */ = {isa = PBXFileReference; fileEncoding = 4; lastKnownFileType = sourcecode.c.objc; path = EP_forthViewController.m; sourceTree = "<group>"; };
		B8F29C5319311A5C008979A7 /* EParentViewController.h */ = {isa = PBXFileReference; fileEncoding = 4; lastKnownFileType = sourcecode.c.h; path = EParentViewController.h; sourceTree = "<group>"; };
		B8F29C5419311A5C008979A7 /* EParentViewController.m */ = {isa = PBXFileReference; fileEncoding = 4; lastKnownFileType = sourcecode.c.objc; path = EParentViewController.m; sourceTree = "<group>"; };
		B8F29C6119314357008979A7 /* DebugViewController.h */ = {isa = PBXFileReference; fileEncoding = 4; lastKnownFileType = sourcecode.c.h; path = DebugViewController.h; sourceTree = "<group>"; };
		B8F29C6219314357008979A7 /* DebugViewController.mm */ = {isa = PBXFileReference; fileEncoding = 4; lastKnownFileType = sourcecode.cpp.objcpp; path = DebugViewController.mm; sourceTree = "<group>"; };
		B8F29C641932DC55008979A7 /* Camera_01.png */ = {isa = PBXFileReference; lastKnownFileType = image.png; path = Camera_01.png; sourceTree = "<group>"; };
		B8F29C651932DC55008979A7 /* Camera_01@2x.png */ = {isa = PBXFileReference; lastKnownFileType = image.png; path = "Camera_01@2x.png"; sourceTree = "<group>"; };
		B8F29C661932DC55008979A7 /* Search_01.png */ = {isa = PBXFileReference; lastKnownFileType = image.png; path = Search_01.png; sourceTree = "<group>"; };
		B8F29C671932DC55008979A7 /* Search_01@2x.png */ = {isa = PBXFileReference; lastKnownFileType = image.png; path = "Search_01@2x.png"; sourceTree = "<group>"; };
		B8F29C6C1932DCF5008979A7 /* Dine_01.png */ = {isa = PBXFileReference; lastKnownFileType = image.png; path = Dine_01.png; sourceTree = "<group>"; };
		B8F29C6D1932DCF5008979A7 /* Dine_01@2x.png */ = {isa = PBXFileReference; lastKnownFileType = image.png; path = "Dine_01@2x.png"; sourceTree = "<group>"; };
		B8F29C6E1932DCF5008979A7 /* Me_01.png */ = {isa = PBXFileReference; lastKnownFileType = image.png; path = Me_01.png; sourceTree = "<group>"; };
		B8F29C6F1932DCF5008979A7 /* Me_01@2x.png */ = {isa = PBXFileReference; lastKnownFileType = image.png; path = "Me_01@2x.png"; sourceTree = "<group>"; };
		B8F29C741932DD20008979A7 /* Discover_01.png */ = {isa = PBXFileReference; lastKnownFileType = image.png; path = Discover_01.png; sourceTree = "<group>"; };
		B8F29C751932DD20008979A7 /* Discover_01@2x.png */ = {isa = PBXFileReference; lastKnownFileType = image.png; path = "Discover_01@2x.png"; sourceTree = "<group>"; };
		B8FA463918F9E954007DA680 /* EdibleCameraApp.app */ = {isa = PBXFileReference; explicitFileType = wrapper.application; includeInIndex = 0; path = EdibleCameraApp.app; sourceTree = BUILT_PRODUCTS_DIR; };
		B8FA463C18F9E954007DA680 /* Foundation.framework */ = {isa = PBXFileReference; lastKnownFileType = wrapper.framework; name = Foundation.framework; path = System/Library/Frameworks/Foundation.framework; sourceTree = SDKROOT; };
		B8FA463E18F9E954007DA680 /* CoreGraphics.framework */ = {isa = PBXFileReference; lastKnownFileType = wrapper.framework; name = CoreGraphics.framework; path = System/Library/Frameworks/CoreGraphics.framework; sourceTree = SDKROOT; };
		B8FA464018F9E954007DA680 /* UIKit.framework */ = {isa = PBXFileReference; lastKnownFileType = wrapper.framework; name = UIKit.framework; path = System/Library/Frameworks/UIKit.framework; sourceTree = SDKROOT; };
		B8FA464418F9E954007DA680 /* EdibleCameraApp-Info.plist */ = {isa = PBXFileReference; lastKnownFileType = text.plist.xml; path = "EdibleCameraApp-Info.plist"; sourceTree = "<group>"; };
		B8FA464618F9E954007DA680 /* en */ = {isa = PBXFileReference; lastKnownFileType = text.plist.strings; name = en; path = en.lproj/InfoPlist.strings; sourceTree = "<group>"; };
		B8FA464818F9E954007DA680 /* main.m */ = {isa = PBXFileReference; lastKnownFileType = sourcecode.c.objc; path = main.m; sourceTree = "<group>"; };
		B8FA464A18F9E954007DA680 /* EdibleCameraApp-Prefix.pch */ = {isa = PBXFileReference; lastKnownFileType = sourcecode.c.h; path = "EdibleCameraApp-Prefix.pch"; sourceTree = "<group>"; };
		B8FA464B18F9E954007DA680 /* AppDelegate.h */ = {isa = PBXFileReference; lastKnownFileType = sourcecode.c.h; path = AppDelegate.h; sourceTree = "<group>"; };
		B8FA464C18F9E954007DA680 /* AppDelegate.m */ = {isa = PBXFileReference; lastKnownFileType = sourcecode.c.objc; path = AppDelegate.m; sourceTree = "<group>"; };
		B8FA464F18F9E954007DA680 /* Base */ = {isa = PBXFileReference; lastKnownFileType = file.storyboard; name = Base; path = Base.lproj/Main.storyboard; sourceTree = "<group>"; };
		B8FA465418F9E954007DA680 /* Images.xcassets */ = {isa = PBXFileReference; lastKnownFileType = folder.assetcatalog; path = Images.xcassets; sourceTree = "<group>"; };
		B8FA465A18F9E954007DA680 /* EdibleCameraAppTests.xctest */ = {isa = PBXFileReference; explicitFileType = wrapper.cfbundle; includeInIndex = 0; path = EdibleCameraAppTests.xctest; sourceTree = BUILT_PRODUCTS_DIR; };
		B8FA465B18F9E954007DA680 /* XCTest.framework */ = {isa = PBXFileReference; lastKnownFileType = wrapper.framework; name = XCTest.framework; path = Library/Frameworks/XCTest.framework; sourceTree = DEVELOPER_DIR; };
		B8FA466318F9E954007DA680 /* EdibleCameraAppTests-Info.plist */ = {isa = PBXFileReference; lastKnownFileType = text.plist.xml; path = "EdibleCameraAppTests-Info.plist"; sourceTree = "<group>"; };
		B8FA466518F9E954007DA680 /* en */ = {isa = PBXFileReference; lastKnownFileType = text.plist.strings; name = en; path = en.lproj/InfoPlist.strings; sourceTree = "<group>"; };
		B8FA466718F9E954007DA680 /* HaoJsonDemoTests.m */ = {isa = PBXFileReference; lastKnownFileType = sourcecode.c.objc; path = HaoJsonDemoTests.m; sourceTree = "<group>"; };
/* End PBXFileReference section */

/* Begin PBXFrameworksBuildPhase section */
		B8FA463618F9E954007DA680 /* Frameworks */ = {
			isa = PBXFrameworksBuildPhase;
			buildActionMask = 2147483647;
			files = (
				AC8A357C1946202400FC5465 /* libsqlite3.0.dylib in Frameworks */,
				ACA1724C19368BFB005E7D51 /* opencv2.framework in Frameworks */,
				B8C21B2C194F43EB0012B616 /* AWSS3.framework in Frameworks */,
				B82353EE192CFB5B00D6BCAC /* libstdc++.6.0.9.dylib in Frameworks */,
				B82353EC192CFB2800D6BCAC /* TesseractOCR.framework in Frameworks */,
				B8FA463F18F9E954007DA680 /* CoreGraphics.framework in Frameworks */,
				B8FA464118F9E954007DA680 /* UIKit.framework in Frameworks */,
				B8FA463D18F9E954007DA680 /* Foundation.framework in Frameworks */,
				B8C21B2B194F43EB0012B616 /* AWSRuntime.framework in Frameworks */,
			);
			runOnlyForDeploymentPostprocessing = 0;
		};
		B8FA465718F9E954007DA680 /* Frameworks */ = {
			isa = PBXFrameworksBuildPhase;
			buildActionMask = 2147483647;
			files = (
				B8FA465C18F9E954007DA680 /* XCTest.framework in Frameworks */,
				B8FA465E18F9E954007DA680 /* UIKit.framework in Frameworks */,
				B8FA465D18F9E954007DA680 /* Foundation.framework in Frameworks */,
			);
			runOnlyForDeploymentPostprocessing = 0;
		};
/* End PBXFrameworksBuildPhase section */

/* Begin PBXGroup section */
		3A014BFF1933C67000D06090 /* textDetection */ = {
			isa = PBXGroup;
			children = (
				3A5654BA1936838C0085CC87 /* TextDetector.h */,
				3A5654BB1936838C0085CC87 /* TextDetector.mm */,
			);
			name = textDetection;
			sourceTree = "<group>";
		};
		3A014C051933E12700D06090 /* wordCorrect */ = {
			isa = PBXGroup;
			children = (
				3A5654BD193778AD0085CC87 /* WordCorrector.h */,
				3A5654BE193778AD0085CC87 /* WordCorrector.m */,
			);
			name = wordCorrect;
			sourceTree = "<group>";
		};
		AC8A356819461D3E00FC5465 /* LocalDB */ = {
			isa = PBXGroup;
			children = (
				AC1E7761194F583100532F65 /* filterwords.txt */,
				AC1E7762194F583100532F65 /* foodlist_a-z_sql_CN.txt */,
				AC1E7763194F583100532F65 /* foodlist_a-z_sql_KW.txt */,
				AC8A357519461E2100FC5465 /* SQLConnector.h */,
				AC8A357619461E2100FC5465 /* SQLConnector.m */,
				AC8A357319461E2100FC5465 /* ShareData.h */,
				AC1E775F194F580800532F65 /* ShareData.m */,
				AC8A356F19461E2100FC5465 /* DBOperation.h */,
				AC8A357019461E2100FC5465 /* DBOperation.m */,
				AC8A357119461E2100FC5465 /* Dictionary.h */,
				AC8A357219461E2100FC5465 /* Dictionary.m */,
			);
			name = LocalDB;
			sourceTree = "<group>";
		};
		ACA172631937C8D7005E7D51 /* testfiles */ = {
			isa = PBXGroup;
			children = (
				ACA172641937C8F5005E7D51 /* w2-1:3.jpg */,
			);
			name = testfiles;
			sourceTree = "<group>";
		};
		ACA1726C193920A6005E7D51 /* UI components */ = {
			isa = PBXGroup;
			children = (
				ACA172691939209A005E7D51 /* LoadControls.h */,
				ACA1726A1939209A005E7D51 /* LoadControls.m */,
				B8D6953A193E71C200E504FA /* ED_Color.h */,
				B8D6953B193E71C200E504FA /* ED_Color.m */,
			);
			name = "UI components";
			sourceTree = "<group>";
		};
		B82353B8192BE2DF00D6BCAC /* Image */ = {
			isa = PBXGroup;
			children = (
				B82353A4192BE2D800D6BCAC /* Attribution_PixelLove.png */,
				B82353AC192BE2D800D6BCAC /* shutter@2x.png */,
			);
			name = Image;
			sourceTree = "<group>";
		};
		B82353C4192BE46C00D6BCAC /* ICON */ = {
			isa = PBXGroup;
			children = (
				B8F29C741932DD20008979A7 /* Discover_01.png */,
				B8F29C751932DD20008979A7 /* Discover_01@2x.png */,
				B8F29C6C1932DCF5008979A7 /* Dine_01.png */,
				B8F29C6D1932DCF5008979A7 /* Dine_01@2x.png */,
				B8F29C6E1932DCF5008979A7 /* Me_01.png */,
				B8F29C6F1932DCF5008979A7 /* Me_01@2x.png */,
				B8F29C641932DC55008979A7 /* Camera_01.png */,
				B8F29C651932DC55008979A7 /* Camera_01@2x.png */,
				B8F29C661932DC55008979A7 /* Search_01.png */,
				B8F29C671932DC55008979A7 /* Search_01@2x.png */,
				B82353B9192BE2F400D6BCAC /* CameraRotate.png */,
				B82353BA192BE2F400D6BCAC /* Download.png */,
				B82353BB192BE2F400D6BCAC /* Lightening.png */,
				B82353BC192BE2F400D6BCAC /* Previous.png */,
			);
			name = ICON;
			sourceTree = "<group>";
		};
		B82353FD192D473F00D6BCAC /* imageCropView */ = {
			isa = PBXGroup;
			children = (
				B82353FE192D474D00D6BCAC /* ShadeView.h */,
				B82353FF192D474D00D6BCAC /* ShadeView.m */,
				B8235400192D474D00D6BCAC /* ControlPointView.h */,
				B8235401192D474D00D6BCAC /* ControlPointView.m */,
				B8235402192D474D00D6BCAC /* ImageCropView.h */,
				B8235403192D474D00D6BCAC /* ImageCropView.m */,
			);
			name = imageCropView;
			sourceTree = "<group>";
		};
		B825DD7A194264D7004C7DCE /* Transition */ = {
			isa = PBXGroup;
			children = (
				B825DD8B194264FF004C7DCE /* DetailViewController.h */,
				B825DD8C194264FF004C7DCE /* DetailViewController.m */,
				B825DD7C194264E5004C7DCE /* Trans */,
				B825DD7B194264DE004C7DCE /* Layouts */,
			);
			name = Transition;
			sourceTree = "<group>";
		};
		B825DD7B194264DE004C7DCE /* Layouts */ = {
			isa = PBXGroup;
			children = (
				B825DD8F1943AFF0004C7DCE /* CVSmallLayout.h */,
				B825DD901943AFF0004C7DCE /* CVSmallLayout.m */,
				B825DD911943AFF0004C7DCE /* CVLargeLayout.h */,
				B825DD921943AFF0004C7DCE /* CVLargeLayout.m */,
			);
			name = Layouts;
			sourceTree = "<group>";
		};
		B825DD7C194264E5004C7DCE /* Trans */ = {
			isa = PBXGroup;
			children = (
				B825DD7D194264F1004C7DCE /* TransitionController.h */,
				B825DD7E194264F1004C7DCE /* TransitionController.m */,
				B825DD7F194264F1004C7DCE /* TransitionLayout.h */,
				B825DD80194264F1004C7DCE /* TransitionLayout.m */,
			);
			name = Trans;
			sourceTree = "<group>";
		};
		B84ADC0D19474B76005059A5 /* Network */ = {
			isa = PBXGroup;
			children = (
				B8C21B2D194F43FC0012B616 /* Edible_S3.h */,
				B8C21B2E194F43FC0012B616 /* Edible_S3.m */,
				B8D09A7A1948BCD7006C070D /* AsyncRequest.h */,
				B8D09A7B1948BCD7006C070D /* AsyncRequest.m */,
				B8D09A7D1948BCE1006C070D /* NetworkTestViewController.h */,
				B8D09A7E1948BCE1006C070D /* NetworkTestViewController.m */,
			);
			name = Network;
			sourceTree = "<group>";
		};
		B8D09A701948BCBA006C070D /* Objects */ = {
			isa = PBXGroup;
			children = (
				B8D09A711948BCCF006C070D /* Review.h */,
				B8D09A721948BCCF006C070D /* Review.m */,
				B8D09A731948BCCF006C070D /* GeneralUser.h */,
				B8D09A741948BCCF006C070D /* GeneralUser.m */,
				B8D09A751948BCCF006C070D /* LocalUser.h */,
				B8D09A761948BCCF006C070D /* LocalUser.m */,
			);
			name = Objects;
			sourceTree = "<group>";
		};
		B8D6953D193EBB9B00E504FA /* Camera */ = {
			isa = PBXGroup;
			children = (
				B8D6953E193F963200E504FA /* CameraView.h */,
				B8D6953F193F963200E504FA /* CameraView.m */,
				B886B1BA1937CEB300DF68D3 /* CameraManager.h */,
				B886B1BB1937CEB300DF68D3 /* CameraManager.m */,
			);
			name = Camera;
			sourceTree = "<group>";
		};
		B8DABCFA192FC2A100FF545E /* ImageProcessing */ = {
			isa = PBXGroup;
			children = (
				3AA1BD8E192FA982002729BC /* ImagePreProcessor.h */,
				3AA1BD8F192FA982002729BC /* ImagePreProcessor.mm */,
				3AA1BD8B192FA282002729BC /* UIImage+OpenCV.h */,
				3AA1BD8C192FA282002729BC /* UIImage+OpenCV.mm */,
			);
			name = ImageProcessing;
			sourceTree = "<group>";
		};
		B8F29C4819311A4F008979A7 /* Frame */ = {
			isa = PBXGroup;
			children = (
				B8F29C4919311A5C008979A7 /* FrameViewController.h */,
				B8F29C4A19311A5C008979A7 /* FrameViewController.m */,
				B8F29C4B19311A5C008979A7 /* EP_firstViewController.h */,
				B8F29C4C19311A5C008979A7 /* EP_firstViewController.m */,
				B8F29C4D19311A5C008979A7 /* EP_secondViewController.h */,
				B8F29C4E19311A5C008979A7 /* EP_secondViewController.m */,
				B8F29C4F19311A5C008979A7 /* EP_thirdViewController.h */,
				B8F29C5019311A5C008979A7 /* EP_thirdViewController.mm */,
				B8F29C5119311A5C008979A7 /* EP_forthViewController.h */,
				B8F29C5219311A5C008979A7 /* EP_forthViewController.m */,
				B8F29C5319311A5C008979A7 /* EParentViewController.h */,
				B8F29C5419311A5C008979A7 /* EParentViewController.m */,
			);
			name = Frame;
			sourceTree = "<group>";
		};
		B8FA463018F9E954007DA680 = {
			isa = PBXGroup;
			children = (
				B8FA464218F9E954007DA680 /* HaoJsonDemo */,
				B8FA466118F9E954007DA680 /* HaoJsonDemoTests */,
				B8FA463B18F9E954007DA680 /* Frameworks */,
				B8FA463A18F9E954007DA680 /* Products */,
			);
			sourceTree = "<group>";
		};
		B8FA463A18F9E954007DA680 /* Products */ = {
			isa = PBXGroup;
			children = (
				B8FA463918F9E954007DA680 /* EdibleCameraApp.app */,
				B8FA465A18F9E954007DA680 /* EdibleCameraAppTests.xctest */,
			);
			name = Products;
			sourceTree = "<group>";
		};
		B8FA463B18F9E954007DA680 /* Frameworks */ = {
			isa = PBXGroup;
			children = (
				B8C21B29194F43EB0012B616 /* AWSRuntime.framework */,
				B8C21B2A194F43EB0012B616 /* AWSS3.framework */,
				AC8A357B1946202300FC5465 /* libsqlite3.0.dylib */,
				ACA1724B19368BFB005E7D51 /* opencv2.framework */,
				B82353ED192CFB5B00D6BCAC /* libstdc++.6.0.9.dylib */,
				B82353EB192CFB2800D6BCAC /* TesseractOCR.framework */,
				B8FA463C18F9E954007DA680 /* Foundation.framework */,
				B8FA463E18F9E954007DA680 /* CoreGraphics.framework */,
				B8FA464018F9E954007DA680 /* UIKit.framework */,
				B8FA465B18F9E954007DA680 /* XCTest.framework */,
			);
			name = Frameworks;
			sourceTree = "<group>";
		};
		B8FA464218F9E954007DA680 /* HaoJsonDemo */ = {
			isa = PBXGroup;
			children = (
				B8D09A701948BCBA006C070D /* Objects */,
				B84ADC0D19474B76005059A5 /* Network */,
				B825DD7A194264D7004C7DCE /* Transition */,
				AC8A356819461D3E00FC5465 /* LocalDB */,
				B8D6953D193EBB9B00E504FA /* Camera */,
				ACA1726C193920A6005E7D51 /* UI components */,
				ACA172631937C8D7005E7D51 /* testfiles */,
				3A014C051933E12700D06090 /* wordCorrect */,
				3A014BFF1933C67000D06090 /* textDetection */,
				B82353EF192CFC4C00D6BCAC /* tessdata */,
				B8F29C4819311A4F008979A7 /* Frame */,
				B8DABCFA192FC2A100FF545E /* ImageProcessing */,
				B82353FD192D473F00D6BCAC /* imageCropView */,
				B825DD89194264FF004C7DCE /* MainViewController.h */,
				B825DD8A194264FF004C7DCE /* MainViewController.m */,
				B8FA464E18F9E954007DA680 /* Main.storyboard */,
				B8F29C6119314357008979A7 /* DebugViewController.h */,
				B8F29C6219314357008979A7 /* DebugViewController.mm */,
				B8FA465418F9E954007DA680 /* Images.xcassets */,
				B82353C4192BE46C00D6BCAC /* ICON */,
				B82353B8192BE2DF00D6BCAC /* Image */,
				B8FA464318F9E954007DA680 /* Supporting Files */,
			);
			path = HaoJsonDemo;
			sourceTree = "<group>";
		};
		B8FA464318F9E954007DA680 /* Supporting Files */ = {
			isa = PBXGroup;
			children = (
				B8FA464B18F9E954007DA680 /* AppDelegate.h */,
				B8FA464C18F9E954007DA680 /* AppDelegate.m */,
				B8FA464418F9E954007DA680 /* EdibleCameraApp-Info.plist */,
				B8FA464518F9E954007DA680 /* InfoPlist.strings */,
				B8FA464818F9E954007DA680 /* main.m */,
				B8FA464A18F9E954007DA680 /* EdibleCameraApp-Prefix.pch */,
			);
			name = "Supporting Files";
			sourceTree = "<group>";
		};
		B8FA466118F9E954007DA680 /* HaoJsonDemoTests */ = {
			isa = PBXGroup;
			children = (
				B8FA466718F9E954007DA680 /* HaoJsonDemoTests.m */,
				B8FA466218F9E954007DA680 /* Supporting Files */,
			);
			path = HaoJsonDemoTests;
			sourceTree = "<group>";
		};
		B8FA466218F9E954007DA680 /* Supporting Files */ = {
			isa = PBXGroup;
			children = (
				B8FA466318F9E954007DA680 /* EdibleCameraAppTests-Info.plist */,
				B8FA466418F9E954007DA680 /* InfoPlist.strings */,
			);
			name = "Supporting Files";
			sourceTree = "<group>";
		};
/* End PBXGroup section */

/* Begin PBXNativeTarget section */
		B8FA463818F9E954007DA680 /* EdibleCameraApp */ = {
			isa = PBXNativeTarget;
			buildConfigurationList = B8FA466B18F9E954007DA680 /* Build configuration list for PBXNativeTarget "EdibleCameraApp" */;
			buildPhases = (
				B8FA463518F9E954007DA680 /* Sources */,
				B8FA463618F9E954007DA680 /* Frameworks */,
				B8FA463718F9E954007DA680 /* Resources */,
			);
			buildRules = (
			);
			dependencies = (
			);
			name = EdibleCameraApp;
			productName = HaoJsonDemo;
			productReference = B8FA463918F9E954007DA680 /* EdibleCameraApp.app */;
			productType = "com.apple.product-type.application";
		};
		B8FA465918F9E954007DA680 /* EdibleCameraAppTests */ = {
			isa = PBXNativeTarget;
			buildConfigurationList = B8FA466E18F9E954007DA680 /* Build configuration list for PBXNativeTarget "EdibleCameraAppTests" */;
			buildPhases = (
				B8FA465618F9E954007DA680 /* Sources */,
				B8FA465718F9E954007DA680 /* Frameworks */,
				B8FA465818F9E954007DA680 /* Resources */,
			);
			buildRules = (
			);
			dependencies = (
				B8FA466018F9E954007DA680 /* PBXTargetDependency */,
			);
			name = EdibleCameraAppTests;
			productName = HaoJsonDemoTests;
			productReference = B8FA465A18F9E954007DA680 /* EdibleCameraAppTests.xctest */;
			productType = "com.apple.product-type.bundle.unit-test";
		};
/* End PBXNativeTarget section */

/* Begin PBXProject section */
		B8FA463118F9E954007DA680 /* Project object */ = {
			isa = PBXProject;
			attributes = {
				LastUpgradeCheck = 0510;
				ORGANIZATIONNAME = "Hao Zheng";
				TargetAttributes = {
					B8FA463818F9E954007DA680 = {
						DevelopmentTeam = 2QU346BL3Y;
					};
					B8FA465918F9E954007DA680 = {
						TestTargetID = B8FA463818F9E954007DA680;
					};
				};
			};
			buildConfigurationList = B8FA463418F9E954007DA680 /* Build configuration list for PBXProject "EdibleCameraApp" */;
			compatibilityVersion = "Xcode 3.2";
			developmentRegion = English;
			hasScannedForEncodings = 0;
			knownRegions = (
				en,
				Base,
			);
			mainGroup = B8FA463018F9E954007DA680;
			productRefGroup = B8FA463A18F9E954007DA680 /* Products */;
			projectDirPath = "";
			projectRoot = "";
			targets = (
				B8FA463818F9E954007DA680 /* EdibleCameraApp */,
				B8FA465918F9E954007DA680 /* EdibleCameraAppTests */,
			);
		};
/* End PBXProject section */

/* Begin PBXResourcesBuildPhase section */
		B8FA463718F9E954007DA680 /* Resources */ = {
			isa = PBXResourcesBuildPhase;
			buildActionMask = 2147483647;
			files = (
				AC1E7766194F583100532F65 /* foodlist_a-z_sql_KW.txt in Resources */,
				B8F29C761932DD20008979A7 /* Discover_01.png in Resources */,
				B8F29C691932DC55008979A7 /* Camera_01@2x.png in Resources */,
				B8F29C731932DCF5008979A7 /* Me_01@2x.png in Resources */,
				B82353AE192BE2D800D6BCAC /* Attribution_PixelLove.png in Resources */,
				B8F29C6B1932DC55008979A7 /* Search_01@2x.png in Resources */,
				B82353BD192BE2F400D6BCAC /* CameraRotate.png in Resources */,
				ACA172651937C8F5005E7D51 /* w2-1:3.jpg in Resources */,
				B82353B6192BE2D800D6BCAC /* shutter@2x.png in Resources */,
				B8F29C701932DCF5008979A7 /* Dine_01.png in Resources */,
				B8FA465518F9E954007DA680 /* Images.xcassets in Resources */,
				B8F29C681932DC55008979A7 /* Camera_01.png in Resources */,
				B8F29C6A1932DC55008979A7 /* Search_01.png in Resources */,
				B8F29C771932DD20008979A7 /* Discover_01@2x.png in Resources */,
				B82353BF192BE2F400D6BCAC /* Lightening.png in Resources */,
				AC1E7764194F583100532F65 /* filterwords.txt in Resources */,
				B82353F0192CFC4C00D6BCAC /* tessdata in Resources */,
				B8F29C721932DCF5008979A7 /* Me_01.png in Resources */,
				B8F29C711932DCF5008979A7 /* Dine_01@2x.png in Resources */,
				B82353BE192BE2F400D6BCAC /* Download.png in Resources */,
				B8FA464718F9E954007DA680 /* InfoPlist.strings in Resources */,
				AC1E7765194F583100532F65 /* foodlist_a-z_sql_CN.txt in Resources */,
				B8FA465018F9E954007DA680 /* Main.storyboard in Resources */,
				B82353C0192BE2F400D6BCAC /* Previous.png in Resources */,
			);
			runOnlyForDeploymentPostprocessing = 0;
		};
		B8FA465818F9E954007DA680 /* Resources */ = {
			isa = PBXResourcesBuildPhase;
			buildActionMask = 2147483647;
			files = (
				B8FA466618F9E954007DA680 /* InfoPlist.strings in Resources */,
			);
			runOnlyForDeploymentPostprocessing = 0;
		};
/* End PBXResourcesBuildPhase section */

/* Begin PBXSourcesBuildPhase section */
		B8FA463518F9E954007DA680 /* Sources */ = {
			isa = PBXSourcesBuildPhase;
			buildActionMask = 2147483647;
			files = (
				B8F29C5519311A5C008979A7 /* FrameViewController.m in Sources */,
				3AA1BD90192FA982002729BC /* ImagePreProcessor.mm in Sources */,
				B825DD941943AFF0004C7DCE /* CVLargeLayout.m in Sources */,
				B8D09A791948BCCF006C070D /* LocalUser.m in Sources */,
				B8D69540193F963200E504FA /* CameraView.m in Sources */,
				B825DD8E194264FF004C7DCE /* DetailViewController.m in Sources */,
				B8D09A781948BCCF006C070D /* GeneralUser.m in Sources */,
				3AA1BD8D192FA282002729BC /* UIImage+OpenCV.mm in Sources */,
				3A5654BC1936838C0085CC87 /* TextDetector.mm in Sources */,
				B886B1BC1937CEB300DF68D3 /* CameraManager.m in Sources */,
				B8F29C5719311A5C008979A7 /* EP_secondViewController.m in Sources */,
				B8235406192D474D00D6BCAC /* ImageCropView.m in Sources */,
				B8C21B2F194F43FC0012B616 /* Edible_S3.m in Sources */,
				AC8A357A19461E2100FC5465 /* SQLConnector.m in Sources */,
				AC8A357719461E2100FC5465 /* DBOperation.m in Sources */,
				B8F29C6319314357008979A7 /* DebugViewController.mm in Sources */,
				B8F29C5A19311A5C008979A7 /* EParentViewController.m in Sources */,
				B8D09A7F1948BCE1006C070D /* NetworkTestViewController.m in Sources */,
				B8FA464D18F9E954007DA680 /* AppDelegate.m in Sources */,
				AC1E7760194F580800532F65 /* ShareData.m in Sources */,
				B825DD82194264F1004C7DCE /* TransitionLayout.m in Sources */,
				3A5654BF193778AD0085CC87 /* WordCorrector.m in Sources */,
				B8D6953C193E71C200E504FA /* ED_Color.m in Sources */,
				B825DD8D194264FF004C7DCE /* MainViewController.m in Sources */,
				B825DD81194264F1004C7DCE /* TransitionController.m in Sources */,
				ACA1726B1939209A005E7D51 /* LoadControls.m in Sources */,
				B8F29C5619311A5C008979A7 /* EP_firstViewController.m in Sources */,
				B8F29C5919311A5C008979A7 /* EP_forthViewController.m in Sources */,
				B8F29C5819311A5C008979A7 /* EP_thirdViewController.mm in Sources */,
				B8FA464918F9E954007DA680 /* main.m in Sources */,
				B8235404192D474D00D6BCAC /* ShadeView.m in Sources */,
				B825DD931943AFF0004C7DCE /* CVSmallLayout.m in Sources */,
				B8D09A7C1948BCD7006C070D /* AsyncRequest.m in Sources */,
				B8D09A771948BCCF006C070D /* Review.m in Sources */,
				B8235405192D474D00D6BCAC /* ControlPointView.m in Sources */,
				AC8A357819461E2100FC5465 /* Dictionary.m in Sources */,
			);
			runOnlyForDeploymentPostprocessing = 0;
		};
		B8FA465618F9E954007DA680 /* Sources */ = {
			isa = PBXSourcesBuildPhase;
			buildActionMask = 2147483647;
			files = (
				B8FA466818F9E954007DA680 /* HaoJsonDemoTests.m in Sources */,
			);
			runOnlyForDeploymentPostprocessing = 0;
		};
/* End PBXSourcesBuildPhase section */

/* Begin PBXTargetDependency section */
		B8FA466018F9E954007DA680 /* PBXTargetDependency */ = {
			isa = PBXTargetDependency;
			target = B8FA463818F9E954007DA680 /* EdibleCameraApp */;
			targetProxy = B8FA465F18F9E954007DA680 /* PBXContainerItemProxy */;
		};
/* End PBXTargetDependency section */

/* Begin PBXVariantGroup section */
		B8FA464518F9E954007DA680 /* InfoPlist.strings */ = {
			isa = PBXVariantGroup;
			children = (
				B8FA464618F9E954007DA680 /* en */,
			);
			name = InfoPlist.strings;
			sourceTree = "<group>";
		};
		B8FA464E18F9E954007DA680 /* Main.storyboard */ = {
			isa = PBXVariantGroup;
			children = (
				B8FA464F18F9E954007DA680 /* Base */,
			);
			name = Main.storyboard;
			sourceTree = "<group>";
		};
		B8FA466418F9E954007DA680 /* InfoPlist.strings */ = {
			isa = PBXVariantGroup;
			children = (
				B8FA466518F9E954007DA680 /* en */,
			);
			name = InfoPlist.strings;
			sourceTree = "<group>";
		};
/* End PBXVariantGroup section */

/* Begin XCBuildConfiguration section */
		B8FA466918F9E954007DA680 /* Debug */ = {
			isa = XCBuildConfiguration;
			buildSettings = {
				ALWAYS_SEARCH_USER_PATHS = NO;
				CLANG_CXX_LANGUAGE_STANDARD = "gnu++0x";
				CLANG_CXX_LIBRARY = "libc++";
				CLANG_ENABLE_MODULES = YES;
				CLANG_ENABLE_OBJC_ARC = YES;
				CLANG_WARN_BOOL_CONVERSION = YES;
				CLANG_WARN_CONSTANT_CONVERSION = YES;
				CLANG_WARN_DIRECT_OBJC_ISA_USAGE = YES_ERROR;
				CLANG_WARN_EMPTY_BODY = YES;
				CLANG_WARN_ENUM_CONVERSION = YES;
				CLANG_WARN_INT_CONVERSION = YES;
				CLANG_WARN_OBJC_ROOT_CLASS = YES_ERROR;
				CLANG_WARN__DUPLICATE_METHOD_MATCH = YES;
				"CODE_SIGN_IDENTITY[sdk=iphoneos*]" = "iPhone Developer";
				COPY_PHASE_STRIP = NO;
				GCC_C_LANGUAGE_STANDARD = gnu99;
				GCC_DYNAMIC_NO_PIC = NO;
				GCC_OPTIMIZATION_LEVEL = 0;
				GCC_PREPROCESSOR_DEFINITIONS = (
					"DEBUG=1",
					"$(inherited)",
				);
				GCC_SYMBOLS_PRIVATE_EXTERN = NO;
				GCC_WARN_64_TO_32_BIT_CONVERSION = YES;
				GCC_WARN_ABOUT_RETURN_TYPE = YES_ERROR;
				GCC_WARN_UNDECLARED_SELECTOR = YES;
				GCC_WARN_UNINITIALIZED_AUTOS = YES;
				GCC_WARN_UNUSED_FUNCTION = YES;
				GCC_WARN_UNUSED_VARIABLE = YES;
				IPHONEOS_DEPLOYMENT_TARGET = 7.1;
				ONLY_ACTIVE_ARCH = YES;
				SDKROOT = iphoneos;
			};
			name = Debug;
		};
		B8FA466A18F9E954007DA680 /* Release */ = {
			isa = XCBuildConfiguration;
			buildSettings = {
				ALWAYS_SEARCH_USER_PATHS = NO;
				CLANG_CXX_LANGUAGE_STANDARD = "gnu++0x";
				CLANG_CXX_LIBRARY = "libc++";
				CLANG_ENABLE_MODULES = YES;
				CLANG_ENABLE_OBJC_ARC = YES;
				CLANG_WARN_BOOL_CONVERSION = YES;
				CLANG_WARN_CONSTANT_CONVERSION = YES;
				CLANG_WARN_DIRECT_OBJC_ISA_USAGE = YES_ERROR;
				CLANG_WARN_EMPTY_BODY = YES;
				CLANG_WARN_ENUM_CONVERSION = YES;
				CLANG_WARN_INT_CONVERSION = YES;
				CLANG_WARN_OBJC_ROOT_CLASS = YES_ERROR;
				CLANG_WARN__DUPLICATE_METHOD_MATCH = YES;
				"CODE_SIGN_IDENTITY[sdk=iphoneos*]" = "iPhone Developer";
				COPY_PHASE_STRIP = YES;
				ENABLE_NS_ASSERTIONS = NO;
				GCC_C_LANGUAGE_STANDARD = gnu99;
				GCC_WARN_64_TO_32_BIT_CONVERSION = YES;
				GCC_WARN_ABOUT_RETURN_TYPE = YES_ERROR;
				GCC_WARN_UNDECLARED_SELECTOR = YES;
				GCC_WARN_UNINITIALIZED_AUTOS = YES;
				GCC_WARN_UNUSED_FUNCTION = YES;
				GCC_WARN_UNUSED_VARIABLE = YES;
				IPHONEOS_DEPLOYMENT_TARGET = 7.1;
				SDKROOT = iphoneos;
				VALIDATE_PRODUCT = YES;
			};
			name = Release;
		};
		B8FA466C18F9E954007DA680 /* Debug */ = {
			isa = XCBuildConfiguration;
			buildSettings = {
				ASSETCATALOG_COMPILER_APPICON_NAME = AppIcon;
				ASSETCATALOG_COMPILER_LAUNCHIMAGE_NAME = LaunchImage;
				CLANG_CXX_LIBRARY = "compiler-default";
				CODE_SIGN_IDENTITY = "iPhone Developer";
				"CODE_SIGN_IDENTITY[sdk=iphoneos*]" = "iPhone Developer";
				FRAMEWORK_SEARCH_PATHS = (
					"$(inherited)",
					"$(PROJECT_DIR)",
					"$(PROJECT_DIR)/openCV3",
				);
				GCC_PRECOMPILE_PREFIX_HEADER = YES;
				GCC_PREFIX_HEADER = "HaoJsonDemo/EdibleCameraApp-Prefix.pch";
				INFOPLIST_FILE = "HaoJsonDemo/EdibleCameraApp-Info.plist";
				IPHONEOS_DEPLOYMENT_TARGET = 7.1;
				OTHER_LDFLAGS = "";
				"OTHER_LDFLAGS[arch=*]" = "";
				PRODUCT_NAME = EdibleCameraApp;
				PROVISIONING_PROFILE = "";
				WRAPPER_EXTENSION = app;
			};
			name = Debug;
		};
		B8FA466D18F9E954007DA680 /* Release */ = {
			isa = XCBuildConfiguration;
			buildSettings = {
				ASSETCATALOG_COMPILER_APPICON_NAME = AppIcon;
				ASSETCATALOG_COMPILER_LAUNCHIMAGE_NAME = LaunchImage;
				CLANG_CXX_LIBRARY = "compiler-default";
				CODE_SIGN_IDENTITY = "iPhone Developer";
				"CODE_SIGN_IDENTITY[sdk=iphoneos*]" = "iPhone Developer";
				FRAMEWORK_SEARCH_PATHS = (
					"$(inherited)",
					"$(PROJECT_DIR)",
					"$(PROJECT_DIR)/openCV3",
				);
				GCC_PRECOMPILE_PREFIX_HEADER = YES;
				GCC_PREFIX_HEADER = "HaoJsonDemo/EdibleCameraApp-Prefix.pch";
				INFOPLIST_FILE = "HaoJsonDemo/EdibleCameraApp-Info.plist";
				IPHONEOS_DEPLOYMENT_TARGET = 7.1;
				OTHER_LDFLAGS = "";
				PRODUCT_NAME = EdibleCameraApp;
				PROVISIONING_PROFILE = "";
				WRAPPER_EXTENSION = app;
			};
			name = Release;
		};
		B8FA466F18F9E954007DA680 /* Debug */ = {
			isa = XCBuildConfiguration;
			buildSettings = {
				BUNDLE_LOADER = "$(BUILT_PRODUCTS_DIR)/HaoJsonDemo.app/HaoJsonDemo";
				FRAMEWORK_SEARCH_PATHS = (
					"$(SDKROOT)/Developer/Library/Frameworks",
					"$(inherited)",
					"$(DEVELOPER_FRAMEWORKS_DIR)",
				);
				GCC_PRECOMPILE_PREFIX_HEADER = YES;
				GCC_PREFIX_HEADER = "HaoJsonDemo/HaoJsonDemo-Prefix.pch";
				GCC_PREPROCESSOR_DEFINITIONS = (
					"DEBUG=1",
					"$(inherited)",
				);
				INFOPLIST_FILE = "HaoJsonDemoTests/EdibleCameraAppTests-Info.plist";
				PRODUCT_NAME = EdibleCameraAppTests;
				TEST_HOST = "$(BUNDLE_LOADER)";
				WRAPPER_EXTENSION = xctest;
			};
			name = Debug;
		};
		B8FA467018F9E954007DA680 /* Release */ = {
			isa = XCBuildConfiguration;
			buildSettings = {
				BUNDLE_LOADER = "$(BUILT_PRODUCTS_DIR)/HaoJsonDemo.app/HaoJsonDemo";
				FRAMEWORK_SEARCH_PATHS = (
					"$(SDKROOT)/Developer/Library/Frameworks",
					"$(inherited)",
					"$(DEVELOPER_FRAMEWORKS_DIR)",
				);
				GCC_PRECOMPILE_PREFIX_HEADER = YES;
				GCC_PREFIX_HEADER = "HaoJsonDemo/HaoJsonDemo-Prefix.pch";
				INFOPLIST_FILE = "HaoJsonDemoTests/EdibleCameraAppTests-Info.plist";
				PRODUCT_NAME = EdibleCameraAppTests;
				TEST_HOST = "$(BUNDLE_LOADER)";
				WRAPPER_EXTENSION = xctest;
			};
			name = Release;
		};
/* End XCBuildConfiguration section */

/* Begin XCConfigurationList section */
		B8FA463418F9E954007DA680 /* Build configuration list for PBXProject "EdibleCameraApp" */ = {
			isa = XCConfigurationList;
			buildConfigurations = (
				B8FA466918F9E954007DA680 /* Debug */,
				B8FA466A18F9E954007DA680 /* Release */,
			);
			defaultConfigurationIsVisible = 0;
			defaultConfigurationName = Release;
		};
		B8FA466B18F9E954007DA680 /* Build configuration list for PBXNativeTarget "EdibleCameraApp" */ = {
			isa = XCConfigurationList;
			buildConfigurations = (
				B8FA466C18F9E954007DA680 /* Debug */,
				B8FA466D18F9E954007DA680 /* Release */,
			);
			defaultConfigurationIsVisible = 0;
			defaultConfigurationName = Release;
		};
		B8FA466E18F9E954007DA680 /* Build configuration list for PBXNativeTarget "EdibleCameraAppTests" */ = {
			isa = XCConfigurationList;
			buildConfigurations = (
				B8FA466F18F9E954007DA680 /* Debug */,
				B8FA467018F9E954007DA680 /* Release */,
			);
			defaultConfigurationIsVisible = 0;
			defaultConfigurationName = Release;
		};
/* End XCConfigurationList section */
	};
	rootObject = B8FA463118F9E954007DA680 /* Project object */;
}
